// !$*UTF8*$!
{
	archiveVersion = 1;
	classes = {
	};
	objectVersion = 77;
	objects = {

/* Begin PBXBuildFile section */
		AA2B840C2F77FFEA0010A312 /* HuiyijiluBroadcast.appex in Embed App Extensions */ = {isa = PBXBuildFile; fileRef = AA2B84002F77FFEA0010A312 /* HuiyijiluBroadcast.appex */; settings = {ATTRIBUTES = (RemoveHeadersOnCopy, ); }; };
		CC1D84232F77FFEA0010A312 /* HuiyijiluWidget.appex in Embed App Extensions */ = {isa = PBXBuildFile; fileRef = CC1D84202F77FFEA0010A312 /* HuiyijiluWidget.appex */; settings = {ATTRIBUTES = (RemoveHeadersOnCopy, ); }; };
/* End PBXBuildFile section */

/* Begin PBXContainerItemProxy section */
		AA2B84062F77FFEA0010A312 /* PBXContainerItemProxy */ = {
			isa = PBXContainerItemProxy;
			containerPortal = BB1D92FF2F67FFE30010A312 /* Project object */;
			proxyType = 1;
			remoteGlobalIDString = AA2B84052F77FFEA0010A312;
			remoteInfo = HuiyijiluBroadcast;
		};
		CC1D84242F77FFEA0010A312 /* PBXContainerItemProxy */ = {
			isa = PBXContainerItemProxy;
			containerPortal = BB1D92FF2F67FFE30010A312 /* Project object */;
			proxyType = 1;
			remoteGlobalIDString = CC1D84222F77FFEA0010A312;
			remoteInfo = HuiyijiluWidget;
		};
/* End PBXContainerItemProxy section */

/* Begin PBXCopyFilesBuildPhase section */
		AA2B84082F77FFEA0010A312 /* Embed App Extensions */ = {
			isa = PBXCopyFilesBuildPhase;
			buildActionMask = 2147483647;
			dstPath = "";
			dstSubfolderSpec = 13;
			files = (
				AA2B840C2F77FFEA0010A312 /* HuiyijiluBroadcast.appex in Embed App Extensions */,
				CC1D84232F77FFEA0010A312 /* HuiyijiluWidget.appex in Embed App Extensions */,
			);
			name = "Embed App Extensions";
			runOnlyForDeploymentPostprocessing = 0;
		};
/* End PBXCopyFilesBuildPhase section */

/* Begin PBXFileReference section */
		AA2B84002F77FFEA0010A312 /* HuiyijiluBroadcast.appex */ = {isa = PBXFileReference; explicitFileType = "wrapper.app-extension"; includeInIndex = 0; path = HuiyijiluBroadcast.appex; sourceTree = BUILT_PRODUCTS_DIR; };
		BB1D93072F67FFE30010A312 /* Huiyijilu.app */ = {isa = PBXFileReference; explicitFileType = wrapper.application; includeInIndex = 0; path = Huiyijilu.app; sourceTree = BUILT_PRODUCTS_DIR; };
		CC1D84202F77FFEA0010A312 /* HuiyijiluWidget.appex */ = {isa = PBXFileReference; explicitFileType = "wrapper.app-extension"; includeInIndex = 0; path = HuiyijiluWidget.appex; sourceTree = BUILT_PRODUCTS_DIR; };
/* End PBXFileReference section */

/* Begin PBXFileSystemSynchronizedBuildFileExceptionSet section */
		AA2B840D2F77FFEA0010A312 /* Exceptions for "HuiyijiluBroadcast" folder in "HuiyijiluBroadcast" target */ = {
			isa = PBXFileSystemSynchronizedBuildFileExceptionSet;
			membershipExceptions = (
				Info.plist,
			);
			target = AA2B84052F77FFEA0010A312 /* HuiyijiluBroadcast */;
		};
		BB1D93142F67FFE40010A312 /* Exceptions for "Huiyijilu" folder in "Huiyijilu" target */ = {
			isa = PBXFileSystemSynchronizedBuildFileExceptionSet;
			membershipExceptions = (
				Info.plist,
			);
			target = BB1D93062F67FFE30010A312 /* Huiyijilu */;
		};
		CC1D842C2F77FFEA0010A312 /* Exceptions for "HuiyijiluWidget" folder in "HuiyijiluWidget" target */ = {
			isa = PBXFileSystemSynchronizedBuildFileExceptionSet;
			membershipExceptions = (
				Info.plist,
			);
			target = CC1D84222F77FFEA0010A312 /* HuiyijiluWidget */;
		};
/* End PBXFileSystemSynchronizedBuildFileExceptionSet section */

/* Begin PBXFileSystemSynchronizedRootGroup section */
		AA2B84012F77FFEA0010A312 /* HuiyijiluBroadcast */ = {
			isa = PBXFileSystemSynchronizedRootGroup;
			exceptions = (
				AA2B840D2F77FFEA0010A312 /* Exceptions for "HuiyijiluBroadcast" folder in "HuiyijiluBroadcast" target */,
			);
			path = HuiyijiluBroadcast;
			sourceTree = "<group>";
		};
		BB1D93092F67FFE30010A312 /* Huiyijilu */ = {
			isa = PBXFileSystemSynchronizedRootGroup;
			exceptions = (
				BB1D93142F67FFE40010A312 /* Exceptions for "Huiyijilu" folder in "Huiyijilu" target */,
			);
			path = Huiyijilu;
			sourceTree = "<group>";
		};
		CC1D84212F77FFEA0010A312 /* HuiyijiluWidget */ = {
			isa = PBXFileSystemSynchronizedRootGroup;
			exceptions = (
				CC1D842C2F77FFEA0010A312 /* Exceptions for "HuiyijiluWidget" folder in "HuiyijiluWidget" target */,
			);
			path = HuiyijiluWidget;
			sourceTree = "<group>";
		};
/* End PBXFileSystemSynchronizedRootGroup section */

/* Begin PBXFrameworksBuildPhase section */
		AA2B84032F77FFEA0010A312 /* Frameworks */ = {
			isa = PBXFrameworksBuildPhase;
			buildActionMask = 2147483647;
			files = (
			);
			runOnlyForDeploymentPostprocessing = 0;
		};
		BB1D93042F67FFE30010A312 /* Frameworks */ = {
			isa = PBXFrameworksBuildPhase;
			buildActionMask = 2147483647;
			files = (
			);
			runOnlyForDeploymentPostprocessing = 0;
		};
		CC1D84262F77FFEA0010A312 /* Frameworks */ = {
			isa = PBXFrameworksBuildPhase;
			buildActionMask = 2147483647;
			files = (
			);
			runOnlyForDeploymentPostprocessing = 0;
		};
/* End PBXFrameworksBuildPhase section */

/* Begin PBXGroup section */
		BB1D92FE2F67FFE30010A312 = {
			isa = PBXGroup;
			children = (
				BB1D93092F67FFE30010A312 /* Huiyijilu */,
				AA2B84012F77FFEA0010A312 /* HuiyijiluBroadcast */,
				CC1D84212F77FFEA0010A312 /* HuiyijiluWidget */,
				BB1D93082F67FFE30010A312 /* Products */,
			);
			sourceTree = "<group>";
		};
		BB1D93082F67FFE30010A312 /* Products */ = {
			isa = PBXGroup;
			children = (
				BB1D93072F67FFE30010A312 /* Huiyijilu.app */,
				AA2B84002F77FFEA0010A312 /* HuiyijiluBroadcast.appex */,
				CC1D84202F77FFEA0010A312 /* HuiyijiluWidget.appex */,
			);
			name = Products;
			sourceTree = "<group>";
		};
/* End PBXGroup section */

/* Begin PBXNativeTarget section */
		AA2B84052F77FFEA0010A312 /* HuiyijiluBroadcast */ = {
			isa = PBXNativeTarget;
			buildConfigurationList = AA2B840B2F77FFEA0010A312 /* Build configuration list for PBXNativeTarget "HuiyijiluBroadcast" */;
			buildPhases = (
				AA2B84022F77FFEA0010A312 /* Sources */,
				AA2B84032F77FFEA0010A312 /* Frameworks */,
				AA2B84042F77FFEA0010A312 /* Resources */,
			);
			buildRules = (
			);
			dependencies = (
			);
			fileSystemSynchronizedGroups = (
				AA2B84012F77FFEA0010A312 /* HuiyijiluBroadcast */,
			);
			name = HuiyijiluBroadcast;
			packageProductDependencies = (
			);
			productName = HuiyijiluBroadcast;
			productReference = AA2B84002F77FFEA0010A312 /* HuiyijiluBroadcast.appex */;
			productType = "com.apple.product-type.app-extension";
		};
		BB1D93062F67FFE30010A312 /* Huiyijilu */ = {
			isa = PBXNativeTarget;
			buildConfigurationList = BB1D93152F67FFE40010A312 /* Build configuration list for PBXNativeTarget "Huiyijilu" */;
			buildPhases = (
				BB1D93032F67FFE30010A312 /* Sources */,
				BB1D93042F67FFE30010A312 /* Frameworks */,
				BB1D93052F67FFE30010A312 /* Resources */,
				AA2B84082F77FFEA0010A312 /* Embed App Extensions */,
			);
			buildRules = (
			);
			dependencies = (
				AA2B84072F77FFEA0010A312 /* PBXTargetDependency */,
				CC1D84252F77FFEA0010A312 /* PBXTargetDependency */,
			);
			fileSystemSynchronizedGroups = (
				BB1D93092F67FFE30010A312 /* Huiyijilu */,
			);
			name = Huiyijilu;
			packageProductDependencies = (
			);
			productName = Huiyijilu;
			productReference = BB1D93072F67FFE30010A312 /* Huiyijilu.app */;
			productType = "com.apple.product-type.application";
		};
		CC1D84222F77FFEA0010A312 /* HuiyijiluWidget */ = {
			isa = PBXNativeTarget;
			buildConfigurationList = CC1D842B2F77FFEA0010A312 /* Build configuration list for PBXNativeTarget "HuiyijiluWidget" */;
			buildPhases = (
				CC1D84282F77FFEA0010A312 /* Sources */,
				CC1D84262F77FFEA0010A312 /* Frameworks */,
				CC1D84272F77FFEA0010A312 /* Resources */,
			);
			buildRules = (
			);
			dependencies = (
			);
			fileSystemSynchronizedGroups = (
				CC1D84212F77FFEA0010A312 /* HuiyijiluWidget */,
			);
			name = HuiyijiluWidget;
			packageProductDependencies = (
			);
			productName = HuiyijiluWidget;
			productReference = CC1D84202F77FFEA0010A312 /* HuiyijiluWidget.appex */;
			productType = "com.apple.product-type.app-extension";
		};
/* End PBXNativeTarget section */

/* Begin PBXProject section */
		BB1D92FF2F67FFE30010A312 /* Project object */ = {
			isa = PBXProject;
			attributes = {
				BuildIndependentTargetsInParallel = 1;
				LastSwiftUpdateCheck = 2620;
				LastUpgradeCheck = 2620;
				TargetAttributes = {
					AA2B84052F77FFEA0010A312 = {
						CreatedOnToolsVersion = 26.2;
					};
					BB1D93062F67FFE30010A312 = {
						CreatedOnToolsVersion = 26.2;
					};
				};
			};
			buildConfigurationList = BB1D93022F67FFE30010A312 /* Build configuration list for PBXProject "Huiyijilu" */;
			developmentRegion = en;
			hasScannedForEncodings = 0;
			knownRegions = (
				en,
				Base,
			);
			mainGroup = BB1D92FE2F67FFE30010A312;
			minimizedProjectReferenceProxies = 1;
			preferredProjectObjectVersion = 77;
			productRefGroup = BB1D93082F67FFE30010A312 /* Products */;
			projectDirPath = "";
			projectRoot = "";
			targets = (
				BB1D93062F67FFE30010A312 /* Huiyijilu */,
				AA2B84052F77FFEA0010A312 /* HuiyijiluBroadcast */,
				CC1D84222F77FFEA0010A312 /* HuiyijiluWidget */,
			);
		};
/* End PBXProject section */

/* Begin PBXResourcesBuildPhase section */
		AA2B84042F77FFEA0010A312 /* Resources */ = {
			isa = PBXResourcesBuildPhase;
			buildActionMask = 2147483647;
			files = (
			);
			runOnlyForDeploymentPostprocessing = 0;
		};
		BB1D93052F67FFE30010A312 /* Resources */ = {
			isa = PBXResourcesBuildPhase;
			buildActionMask = 2147483647;
			files = (
			);
			runOnlyForDeploymentPostprocessing = 0;
		};
		CC1D84272F77FFEA0010A312 /* Resources */ = {
			isa = PBXResourcesBuildPhase;
			buildActionMask = 2147483647;
			files = (
			);
			runOnlyForDeploymentPostprocessing = 0;
		};
/* End PBXResourcesBuildPhase section */

/* Begin PBXSourcesBuildPhase section */
		AA2B84022F77FFEA0010A312 /* Sources */ = {
			isa = PBXSourcesBuildPhase;
			buildActionMask = 2147483647;
			files = (
			);
			runOnlyForDeploymentPostprocessing = 0;
		};
		BB1D93032F67FFE30010A312 /* Sources */ = {
			isa = PBXSourcesBuildPhase;
			buildActionMask = 2147483647;
			files = (
			);
			runOnlyForDeploymentPostprocessing = 0;
		};
		CC1D84282F77FFEA0010A312 /* Sources */ = {
			isa = PBXSourcesBuildPhase;
			buildActionMask = 2147483647;
			files = (
			);
			runOnlyForDeploymentPostprocessing = 0;
		};
/* End PBXSourcesBuildPhase section */

/* Begin PBXTargetDependency section */
		AA2B84072F77FFEA0010A312 /* PBXTargetDependency */ = {
			isa = PBXTargetDependency;
			target = AA2B84052F77FFEA0010A312 /* HuiyijiluBroadcast */;
			targetProxy = AA2B84062F77FFEA0010A312 /* PBXContainerItemProxy */;
		};
		CC1D84252F77FFEA0010A312 /* PBXTargetDependency */ = {
			isa = PBXTargetDependency;
			target = CC1D84222F77FFEA0010A312 /* HuiyijiluWidget */;
			targetProxy = CC1D84242F77FFEA0010A312 /* PBXContainerItemProxy */;
		};
/* End PBXTargetDependency section */

/* Begin XCBuildConfiguration section */
		AA2B84092F77FFEA0010A312 /* Debug */ = {
			isa = XCBuildConfiguration;
			buildSettings = {
				CODE_SIGN_ENTITLEMENTS = HuiyijiluBroadcast/HuiyijiluBroadcastDebug.entitlements;
				"CODE_SIGN_IDENTITY[sdk=iphoneos*]" = "iPhone Developer";
				CODE_SIGN_STYLE = Manual;
				CURRENT_PROJECT_VERSION = 1;
				DEVELOPMENT_TEAM = "";
				"DEVELOPMENT_TEAM[sdk=iphoneos*]" = F7C352F4MW;
				GENERATE_INFOPLIST_FILE = YES;
				INFOPLIST_FILE = HuiyijiluBroadcast/Info.plist;
				INFOPLIST_KEY_CFBundleDisplayName = HuiyijiluBroadcast;
				INFOPLIST_KEY_NSHumanReadableCopyright = "";
				IPHONEOS_DEPLOYMENT_TARGET = 18.0;
				LD_RUNPATH_SEARCH_PATHS = (
					"$(inherited)",
					"@executable_path/Frameworks",
					"@executable_path/../../Frameworks",
				);
				MARKETING_VERSION = 1.0;
				PRODUCT_BUNDLE_IDENTIFIER = com.chenxi.yunqueji.postcast;
				PRODUCT_NAME = "$(TARGET_NAME)";
				PROVISIONING_PROFILE_SPECIFIER = "";
				"PROVISIONING_PROFILE_SPECIFIER[sdk=iphoneos*]" = yunquejipostcast_dev;
				SKIP_INSTALL = YES;
				SWIFT_EMIT_LOC_STRINGS = YES;
				SWIFT_VERSION = 5.0;
				TARGETED_DEVICE_FAMILY = "1,2";
			};
			name = Debug;
		};
		AA2B840A2F77FFEA0010A312 /* Release */ = {
			isa = XCBuildConfiguration;
			buildSettings = {
				CODE_SIGN_ENTITLEMENTS = HuiyijiluBroadcast/HuiyijiluBroadcast.entitlements;
				CODE_SIGN_STYLE = Manual;
				CURRENT_PROJECT_VERSION = 1;
				DEVELOPMENT_TEAM = "";
				GENERATE_INFOPLIST_FILE = YES;
				INFOPLIST_FILE = HuiyijiluBroadcast/Info.plist;
				INFOPLIST_KEY_CFBundleDisplayName = HuiyijiluBroadcast;
				INFOPLIST_KEY_NSHumanReadableCopyright = "";
				IPHONEOS_DEPLOYMENT_TARGET = 18.0;
				LD_RUNPATH_SEARCH_PATHS = (
					"$(inherited)",
					"@executable_path/Frameworks",
					"@executable_path/../../Frameworks",
				);
				MARKETING_VERSION = 1.0;
				PRODUCT_BUNDLE_IDENTIFIER = com.ceshi.ceshimainapp.widget;
				PRODUCT_NAME = "$(TARGET_NAME)";
				PROVISIONING_PROFILE_SPECIFIER = "";
				SKIP_INSTALL = YES;
				SWIFT_EMIT_LOC_STRINGS = YES;
				SWIFT_VERSION = 5.0;
				TARGETED_DEVICE_FAMILY = "1,2";
			};
			name = Release;
		};
		BB1D93162F67FFE40010A312 /* Debug */ = {
			isa = XCBuildConfiguration;
			buildSettings = {
				ASSETCATALOG_COMPILER_APPICON_NAME = AppIcon;
				ASSETCATALOG_COMPILER_GLOBAL_ACCENT_COLOR_NAME = AccentColor;
				CODE_SIGN_ENTITLEMENTS = Huiyijilu/Huiyijilu.entitlements;
				"CODE_SIGN_IDENTITY[sdk=iphoneos*]" = "iPhone Developer";
				CODE_SIGN_STYLE = Manual;
				CURRENT_PROJECT_VERSION = 1;
				DEVELOPMENT_TEAM = "";
				"DEVELOPMENT_TEAM[sdk=iphoneos*]" = F7C352F4MW;
				ENABLE_PREVIEWS = YES;
				GENERATE_INFOPLIST_FILE = YES;
				INFOPLIST_FILE = Huiyijilu/Info.plist;
				INFOPLIST_KEY_NSMicrophoneUsageDescription = "MeetingMind needs microphone access to record your meetings";
				INFOPLIST_KEY_NSSpeechRecognitionUsageDescription = "MeetingMind uses speech recognition to transcribe your meeting recordings";
				INFOPLIST_KEY_NSSupportsLiveActivities = YES;
				INFOPLIST_KEY_UIApplicationSceneManifest_Generation = YES;
				INFOPLIST_KEY_UIApplicationSupportsIndirectInputEvents = YES;
				INFOPLIST_KEY_UILaunchScreen_Generation = YES;
				INFOPLIST_KEY_UISupportedInterfaceOrientations_iPad = "UIInterfaceOrientationPortrait UIInterfaceOrientationPortraitUpsideDown UIInterfaceOrientationLandscapeLeft UIInterfaceOrientationLandscapeRight";
				INFOPLIST_KEY_UISupportedInterfaceOrientations_iPhone = "UIInterfaceOrientationPortrait UIInterfaceOrientationLandscapeLeft UIInterfaceOrientationLandscapeRight";
				IPHONEOS_DEPLOYMENT_TARGET = 18.0;
				LD_RUNPATH_SEARCH_PATHS = (
					"$(inherited)",
					"@executable_path/Frameworks",
				);
				MARKETING_VERSION = 1.0;
				PRODUCT_BUNDLE_IDENTIFIER = com.chenxi.yunqueji;
				PRODUCT_NAME = "$(TARGET_NAME)";
				PROVISIONING_PROFILE_SPECIFIER = "";
				"PROVISIONING_PROFILE_SPECIFIER[sdk=iphoneos*]" = yunqueji_dev;
				STRING_CATALOG_GENERATE_SYMBOLS = YES;
				SWIFT_APPROACHABLE_CONCURRENCY = YES;
				SWIFT_DEFAULT_ACTOR_ISOLATION = MainActor;
				SWIFT_EMIT_LOC_STRINGS = YES;
				SWIFT_UPCOMING_FEATURE_MEMBER_IMPORT_VISIBILITY = YES;
				SWIFT_VERSION = 5.0;
				TARGETED_DEVICE_FAMILY = "1,2";
			};
			name = Debug;
		};
		BB1D93172F67FFE40010A312 /* Release */ = {
			isa = XCBuildConfiguration;
			buildSettings = {
				ASSETCATALOG_COMPILER_APPICON_NAME = AppIcon;
				ASSETCATALOG_COMPILER_GLOBAL_ACCENT_COLOR_NAME = AccentColor;
				CODE_SIGN_ENTITLEMENTS = Huiyijilu/HuiyijiluRelease.entitlements;
				"CODE_SIGN_IDENTITY[sdk=iphoneos*]" = "iPhone Developer";
				CODE_SIGN_STYLE = Manual;
				CURRENT_PROJECT_VERSION = 1;
				DEVELOPMENT_TEAM = "";
				"DEVELOPMENT_TEAM[sdk=iphoneos*]" = WKG7GKH7M7;
				ENABLE_PREVIEWS = YES;
				GENERATE_INFOPLIST_FILE = YES;
				INFOPLIST_FILE = Huiyijilu/Info.plist;
				INFOPLIST_KEY_NSMicrophoneUsageDescription = "MeetingMind needs microphone access to record your meetings";
				INFOPLIST_KEY_NSSpeechRecognitionUsageDescription = "MeetingMind uses speech recognition to transcribe your meeting recordings";
				INFOPLIST_KEY_NSSupportsLiveActivities = YES;
				INFOPLIST_KEY_UIApplicationSceneManifest_Generation = YES;
				INFOPLIST_KEY_UIApplicationSupportsIndirectInputEvents = YES;
				INFOPLIST_KEY_UILaunchScreen_Generation = YES;
				INFOPLIST_KEY_UISupportedInterfaceOrientations_iPad = "UIInterfaceOrientationPortrait UIInterfaceOrientationPortraitUpsideDown UIInterfaceOrientationLandscapeLeft UIInterfaceOrientationLandscapeRight";
				INFOPLIST_KEY_UISupportedInterfaceOrientations_iPhone = "UIInterfaceOrientationPortrait UIInterfaceOrientationLandscapeLeft UIInterfaceOrientationLandscapeRight";
				IPHONEOS_DEPLOYMENT_TARGET = 18.0;
				LD_RUNPATH_SEARCH_PATHS = (
					"$(inherited)",
					"@executable_path/Frameworks",
				);
				MARKETING_VERSION = 1.0;
				PRODUCT_BUNDLE_IDENTIFIER = com.chenxi.yueque;
				PRODUCT_NAME = "$(TARGET_NAME)";
				PROVISIONING_PROFILE_SPECIFIER = "";
				"PROVISIONING_PROFILE_SPECIFIER[sdk=iphoneos*]" = testwatchmianapp_Dev;
				STRING_CATALOG_GENERATE_SYMBOLS = YES;
				SWIFT_APPROACHABLE_CONCURRENCY = YES;
				SWIFT_DEFAULT_ACTOR_ISOLATION = MainActor;
				SWIFT_EMIT_LOC_STRINGS = YES;
				SWIFT_UPCOMING_FEATURE_MEMBER_IMPORT_VISIBILITY = YES;
				SWIFT_VERSION = 5.0;
				TARGETED_DEVICE_FAMILY = "1,2";
			};
			name = Release;
		};
		BB1D93182F67FFE40010A312 /* Debug */ = {
			isa = XCBuildConfiguration;
			buildSettings = {
				ALWAYS_SEARCH_USER_PATHS = NO;
				ASSETCATALOG_COMPILER_GENERATE_SWIFT_ASSET_SYMBOL_EXTENSIONS = YES;
				CLANG_ANALYZER_NONNULL = YES;
				CLANG_ANALYZER_NUMBER_OBJECT_CONVERSION = YES_AGGRESSIVE;
				CLANG_CXX_LANGUAGE_STANDARD = "gnu++20";
				CLANG_ENABLE_MODULES = YES;
				CLANG_ENABLE_OBJC_ARC = YES;
				CLANG_ENABLE_OBJC_WEAK = YES;
				CLANG_WARN_BLOCK_CAPTURE_AUTORELEASING = YES;
				CLANG_WARN_BOOL_CONVERSION = YES;
				CLANG_WARN_COMMA = YES;
				CLANG_WARN_CONSTANT_CONVERSION = YES;
				CLANG_WARN_DEPRECATED_OBJC_IMPLEMENTATIONS = YES;
				CLANG_WARN_DIRECT_OBJC_ISA_USAGE = YES_ERROR;
				CLANG_WARN_DOCUMENTATION_COMMENTS = YES;
				CLANG_WARN_EMPTY_BODY = YES;
				CLANG_WARN_ENUM_CONVERSION = YES;
				CLANG_WARN_INFINITE_RECURSION = YES;
				CLANG_WARN_INT_CONVERSION = YES;
				CLANG_WARN_NON_LITERAL_NULL_CONVERSION = YES;
				CLANG_WARN_OBJC_IMPLICIT_RETAIN_SELF = YES;
				CLANG_WARN_OBJC_LITERAL_CONVERSION = YES;
				CLANG_WARN_OBJC_ROOT_CLASS = YES_ERROR;
				CLANG_WARN_QUOTED_INCLUDE_IN_FRAMEWORK_HEADER = YES;
				CLANG_WARN_RANGE_LOOP_ANALYSIS = YES;
				CLANG_WARN_STRICT_PROTOTYPES = YES;
				CLANG_WARN_SUSPICIOUS_MOVE = YES;
				CLANG_WARN_UNGUARDED_AVAILABILITY = YES_AGGRESSIVE;
				CLANG_WARN_UNREACHABLE_CODE = YES;
				CLANG_WARN__DUPLICATE_METHOD_MATCH = YES;
				COPY_PHASE_STRIP = NO;
				DEBUG_INFORMATION_FORMAT = dwarf;
				DEVELOPMENT_TEAM = 87W4DKF7K6;
				ENABLE_STRICT_OBJC_MSGSEND = YES;
				ENABLE_TESTABILITY = YES;
				ENABLE_USER_SCRIPT_SANDBOXING = YES;
				GCC_C_LANGUAGE_STANDARD = gnu17;
				GCC_DYNAMIC_NO_PIC = NO;
				GCC_NO_COMMON_BLOCKS = YES;
				GCC_OPTIMIZATION_LEVEL = 0;
				GCC_PREPROCESSOR_DEFINITIONS = (
					"DEBUG=1",
					"$(inherited)",
				);
				GCC_WARN_64_TO_32_BIT_CONVERSION = YES;
				GCC_WARN_ABOUT_RETURN_TYPE = YES_ERROR;
				GCC_WARN_UNDECLARED_SELECTOR = YES;
				GCC_WARN_UNINITIALIZED_AUTOS = YES_AGGRESSIVE;
				GCC_WARN_UNUSED_FUNCTION = YES;
				GCC_WARN_UNUSED_VARIABLE = YES;
				IPHONEOS_DEPLOYMENT_TARGET = 26.2;
				LOCALIZATION_PREFERS_STRING_CATALOGS = YES;
				MTL_ENABLE_DEBUG_INFO = INCLUDE_SOURCE;
				MTL_FAST_MATH = YES;
				ONLY_ACTIVE_ARCH = YES;
				SDKROOT = iphoneos;
				SWIFT_ACTIVE_COMPILATION_CONDITIONS = "DEBUG $(inherited)";
				SWIFT_OPTIMIZATION_LEVEL = "-Onone";
			};
			name = Debug;
		};
		BB1D93192F67FFE40010A312 /* Release */ = {
			isa = XCBuildConfiguration;
			buildSettings = {
				ALWAYS_SEARCH_USER_PATHS = NO;
				ASSETCATALOG_COMPILER_GENERATE_SWIFT_ASSET_SYMBOL_EXTENSIONS = YES;
				CLANG_ANALYZER_NONNULL = YES;
				CLANG_ANALYZER_NUMBER_OBJECT_CONVERSION = YES_AGGRESSIVE;
				CLANG_CXX_LANGUAGE_STANDARD = "gnu++20";
				CLANG_ENABLE_MODULES = YES;
				CLANG_ENABLE_OBJC_ARC = YES;
				CLANG_ENABLE_OBJC_WEAK = YES;
				CLANG_WARN_BLOCK_CAPTURE_AUTORELEASING = YES;
				CLANG_WARN_BOOL_CONVERSION = YES;
				CLANG_WARN_COMMA = YES;
				CLANG_WARN_CONSTANT_CONVERSION = YES;
				CLANG_WARN_DEPRECATED_OBJC_IMPLEMENTATIONS = YES;
				CLANG_WARN_DIRECT_OBJC_ISA_USAGE = YES_ERROR;
				CLANG_WARN_DOCUMENTATION_COMMENTS = YES;
				CLANG_WARN_EMPTY_BODY = YES;
				CLANG_WARN_ENUM_CONVERSION = YES;
				CLANG_WARN_INFINITE_RECURSION = YES;
				CLANG_WARN_INT_CONVERSION = YES;
				CLANG_WARN_NON_LITERAL_NULL_CONVERSION = YES;
				CLANG_WARN_OBJC_IMPLICIT_RETAIN_SELF = YES;
				CLANG_WARN_OBJC_LITERAL_CONVERSION = YES;
				CLANG_WARN_OBJC_ROOT_CLASS = YES_ERROR;
				CLANG_WARN_QUOTED_INCLUDE_IN_FRAMEWORK_HEADER = YES;
				CLANG_WARN_RANGE_LOOP_ANALYSIS = YES;
				CLANG_WARN_STRICT_PROTOTYPES = YES;
				CLANG_WARN_SUSPICIOUS_MOVE = YES;
				CLANG_WARN_UNGUARDED_AVAILABILITY = YES_AGGRESSIVE;
				CLANG_WARN_UNREACHABLE_CODE = YES;
				CLANG_WARN__DUPLICATE_METHOD_MATCH = YES;
				COPY_PHASE_STRIP = NO;
				DEBUG_INFORMATION_FORMAT = "dwarf-with-dsym";
				DEVELOPMENT_TEAM = 87W4DKF7K6;
				ENABLE_NS_ASSERTIONS = NO;
				ENABLE_STRICT_OBJC_MSGSEND = YES;
				ENABLE_USER_SCRIPT_SANDBOXING = YES;
				GCC_C_LANGUAGE_STANDARD = gnu17;
				GCC_NO_COMMON_BLOCKS = YES;
				GCC_WARN_64_TO_32_BIT_CONVERSION = YES;
				GCC_WARN_ABOUT_RETURN_TYPE = YES_ERROR;
				GCC_WARN_UNDECLARED_SELECTOR = YES;
				GCC_WARN_UNINITIALIZED_AUTOS = YES_AGGRESSIVE;
				GCC_WARN_UNUSED_FUNCTION = YES;
				GCC_WARN_UNUSED_VARIABLE = YES;
				IPHONEOS_DEPLOYMENT_TARGET = 26.2;
				LOCALIZATION_PREFERS_STRING_CATALOGS = YES;
				MTL_ENABLE_DEBUG_INFO = NO;
				MTL_FAST_MATH = YES;
				SDKROOT = iphoneos;
				SWIFT_COMPILATION_MODE = wholemodule;
				VALIDATE_PRODUCT = YES;
			};
			name = Release;
		};
		CC1D84292F77FFEA0010A312 /* Debug */ = {
			isa = XCBuildConfiguration;
			buildSettings = {
				CODE_SIGN_ENTITLEMENTS = HuiyijiluWidget/HuiyijiluWidgetDebug.entitlements;
				"CODE_SIGN_IDENTITY[sdk=iphoneos*]" = "iPhone Developer";
				CODE_SIGN_STYLE = Manual;
				CURRENT_PROJECT_VERSION = 1;
				DEVELOPMENT_TEAM = "";
				"DEVELOPMENT_TEAM[sdk=iphoneos*]" = F7C352F4MW;
				GENERATE_INFOPLIST_FILE = YES;
				INFOPLIST_FILE = HuiyijiluWidget/Info.plist;
				INFOPLIST_KEY_CFBundleDisplayName = HuiyijiluWidget;
				INFOPLIST_KEY_NSHumanReadableCopyright = "";
				IPHONEOS_DEPLOYMENT_TARGET = 18.0;
				LD_RUNPATH_SEARCH_PATHS = (
					"$(inherited)",
					"@executable_path/Frameworks",
					"@executable_path/../../Frameworks",
				);
				MARKETING_VERSION = 1.0;
				PRODUCT_BUNDLE_IDENTIFIER = com.chenxi.yunqueji.widget;
				PRODUCT_NAME = "$(TARGET_NAME)";
				PROVISIONING_PROFILE_SPECIFIER = "";
				"PROVISIONING_PROFILE_SPECIFIER[sdk=iphoneos*]" = yunquejiwidget_dev;
				SKIP_INSTALL = YES;
				SWIFT_EMIT_LOC_STRINGS = YES;
				SWIFT_VERSION = 5.0;
				TARGETED_DEVICE_FAMILY = "1,2";
			};
			name = Debug;
		};
		CC1D842A2F77FFEA0010A312 /* Release */ = {
			isa = XCBuildConfiguration;
			buildSettings = {
				CODE_SIGN_ENTITLEMENTS = HuiyijiluWidget/HuiyijiluWidget.entitlements;
				CODE_SIGN_STYLE = Manual;
				CURRENT_PROJECT_VERSION = 1;
				DEVELOPMENT_TEAM = "";
				GENERATE_INFOPLIST_FILE = YES;
				INFOPLIST_FILE = HuiyijiluWidget/Info.plist;
				INFOPLIST_KEY_CFBundleDisplayName = HuiyijiluWidget;
				INFOPLIST_KEY_NSHumanReadableCopyright = "";
				IPHONEOS_DEPLOYMENT_TARGET = 18.0;
				LD_RUNPATH_SEARCH_PATHS = (
					"$(inherited)",
					"@executable_path/Frameworks",
					"@executable_path/../../Frameworks",
				);
				MARKETING_VERSION = 1.0;
				PRODUCT_BUNDLE_IDENTIFIER = com.ceshi.ceshimainapp.HuiyijiluWidget;
				PRODUCT_NAME = "$(TARGET_NAME)";
				PROVISIONING_PROFILE_SPECIFIER = "";
				SKIP_INSTALL = YES;
				SWIFT_EMIT_LOC_STRINGS = YES;
				SWIFT_VERSION = 5.0;
				TARGETED_DEVICE_FAMILY = "1,2";
			};
			name = Release;
		};
/* End XCBuildConfiguration section */

/* Begin XCConfigurationList section */
		AA2B840B2F77FFEA0010A312 /* Build configuration list for PBXNativeTarget "HuiyijiluBroadcast" */ = {
			isa = XCConfigurationList;
			buildConfigurations = (
				AA2B84092F77FFEA0010A312 /* Debug */,
				AA2B840A2F77FFEA0010A312 /* Release */,
			);
			defaultConfigurationIsVisible = 0;
			defaultConfigurationName = Release;
		};
		BB1D93022F67FFE30010A312 /* Build configuration list for PBXProject "Huiyijilu" */ = {
			isa = XCConfigurationList;
			buildConfigurations = (
				BB1D93182F67FFE40010A312 /* Debug */,
				BB1D93192F67FFE40010A312 /* Release */,
			);
			defaultConfigurationIsVisible = 0;
			defaultConfigurationName = Release;
		};
		BB1D93152F67FFE40010A312 /* Build configuration list for PBXNativeTarget "Huiyijilu" */ = {
			isa = XCConfigurationList;
			buildConfigurations = (
				BB1D93162F67FFE40010A312 /* Debug */,
				BB1D93172F67FFE40010A312 /* Release */,
			);
			defaultConfigurationIsVisible = 0;
			defaultConfigurationName = Release;
		};
		CC1D842B2F77FFEA0010A312 /* Build configuration list for PBXNativeTarget "HuiyijiluWidget" */ = {
			isa = XCConfigurationList;
			buildConfigurations = (
				CC1D84292F77FFEA0010A312 /* Debug */,
				CC1D842A2F77FFEA0010A312 /* Release */,
			);
			defaultConfigurationIsVisible = 0;
			defaultConfigurationName = Release;
		};
/* End XCConfigurationList section */
	};
	rootObject = BB1D92FF2F67FFE30010A312 /* Project object */;
}
